
Microsoft Visual Studio Solution File, Format Version 12.00
# Visual Studio Version 17
VisualStudioVersion = 17.1.31911.260
MinimumVisualStudioVersion = 10.0.40219.1
Project("{FAE04EC0-301F-11D3-BF4B-00C04F79EFBC}") = "OOJSON", "OOJSON\OOJSON.csproj", "{8902A0A2-45E6-45B3-8E0D-A131C54502C9}"
EndProject
Project("{FAE04EC0-301F-11D3-BF4B-00C04F79EFBC}") = "Tests", "Tests\Tests.csproj", "{7C731062-DCCF-4DED-A1D7-D79262474F8F}"
EndProject
Global
	GlobalSection(SolutionConfigurationPlatforms) = preSolution
		Debug|Any CPU = Debug|Any CPU
		Release|Any CPU = Release|Any CPU
	EndGlobalSection
	GlobalSection(ProjectConfigurationPlatforms) = postSolution
		{8902A0A2-45E6-45B3-8E0D-A131C54502C9}.Debug|Any CPU.ActiveCfg = Debug|Any CPU
		{8902A0A2-45E6-45B3-8E0D-A131C54502C9}.Debug|Any CPU.Build.0 = Debug|Any CPU
		{8902A0A2-45E6-45B3-8E0D-A131C54502C9}.Release|Any CPU.ActiveCfg = Release|Any CPU
		{8902A0A2-45E6-45B3-8E0D-A131C54502C9}.Release|Any CPU.Build.0 = Release|Any CPU
		{7C731062-DCCF-4DED-A1D7-D79262474F8F}.Debug|Any CPU.ActiveCfg = Debug|Any CPU
		{7C731062-DCCF-4DED-A1D7-D79262474F8F}.Debug|Any CPU.Build.0 = Debug|Any CPU
		{7C731062-DCCF-4DED-A1D7-D79262474F8F}.Release|Any CPU.ActiveCfg = Release|Any CPU
		{7C731062-DCCF-4DED-A1D7-D79262474F8F}.Release|Any CPU.Build.0 = Release|Any CPU
	EndGlobalSection
	GlobalSection(SolutionProperties) = preSolution
		HideSolutionNode = FALSE
	EndGlobalSection
	GlobalSection(ExtensibilityGlobals) = postSolution
		SolutionGuid = {657394E4-E407-4DE2-AA56-C9171B591B67}
	EndGlobalSection
EndGlobal
